<?xml version="1.0" encoding="utf-8"?>
<Project ToolsVersion="4.0" xmlns="http://schemas.microsoft.com/developer/msbuild/2003">
  <ItemGroup>
    <Filter Include="Source">
      <UniqueIdentifier>{45a646c8-ebff-41dc-999a-268ce000103d}</UniqueIdentifier>
    </Filter>
    <Filter Include="Source\Scene">
      <UniqueIdentifier>{94f96149-18ca-421c-a686-e3f59f35f2ce}</UniqueIdentifier>
    </Filter>
    <Filter Include="Source\GameSetting">
      <UniqueIdentifier>{25ce822f-926f-47c4-9b17-3c36a89b1571}</UniqueIdentifier>
    </Filter>
    <Filter Include="Source\Input">
      <UniqueIdentifier>{5c17adba-adf8-4ee5-84fd-3159aa910a5c}</UniqueIdentifier>
    </Filter>
  </ItemGroup>
  <ItemGroup>
    <ClCompile Include="Source\Main.cpp">
      <Filter>Source</Filter>
    </ClCompile>
    <ClCompile Include="Source\Scene\SceneManager.cpp">
      <Filter>Source\Scene</Filter>
    </ClCompile>
    <ClCompile Include="Source\Scene\TitleScene.cpp">
      <Filter>Source\Scene</Filter>
    </ClCompile>
    <ClCompile Include="Source\Input\Input.cpp">
      <Filter>Source\Input</Filter>
    </ClCompile>
<<<<<<< HEAD
    <ClCompile Include="Source\Scene\Option.cpp">
=======
    <ClCompile Include="Source\Scene\PlayScene.cpp">
>>>>>>> 13fd2d653cf71d4f666bb9fd33b5f6f685b48e65
      <Filter>Source\Scene</Filter>
    </ClCompile>
  </ItemGroup>
  <ItemGroup>
    <ClInclude Include="Source\Scene\SceneManager.h">
      <Filter>Source\Scene</Filter>
    </ClInclude>
    <ClInclude Include="Source\Scene\TitleScene.h">
      <Filter>Source\Scene</Filter>
    </ClInclude>
    <ClInclude Include="Source\GameSetting\GameSetting.h">
      <Filter>Source\GameSetting</Filter>
    </ClInclude>
    <ClInclude Include="Source\Input\Input.h">
      <Filter>Source\Input</Filter>
    </ClInclude>
<<<<<<< HEAD
    <ClInclude Include="Source\Scene\Option.h">
=======
    <ClInclude Include="Source\Scene\PlayScene.h">
>>>>>>> 13fd2d653cf71d4f666bb9fd33b5f6f685b48e65
      <Filter>Source\Scene</Filter>
    </ClInclude>
  </ItemGroup>
</Project>