<?xml version="1.0" encoding="utf-8"?>
<Project ToolsVersion="4.0" xmlns="http://schemas.microsoft.com/developer/msbuild/2003">
  <ItemGroup>
    <Filter Include="ソース ファイル">
      <UniqueIdentifier>{4FC737F1-C7A5-4376-A066-2A32D752A2FF}</UniqueIdentifier>
      <Extensions>cpp;c;cc;cxx;c++;cppm;ixx;def;odl;idl;hpj;bat;asm;asmx</Extensions>
    </Filter>
    <Filter Include="ソース ファイル\Map">
      <UniqueIdentifier>{32f3aafe-d59f-4f5d-a900-913fbddfd839}</UniqueIdentifier>
    </Filter>
    <Filter Include="ソース ファイル\Collision">
      <UniqueIdentifier>{1662a70e-218d-4d8e-b9a6-0ba898095268}</UniqueIdentifier>
    </Filter>
    <Filter Include="ソース ファイル\Scene">
      <UniqueIdentifier>{8a2e6c07-f051-4de7-8b43-2692b55e6961}</UniqueIdentifier>
    </Filter>
    <Filter Include="ソース ファイル\Input">
      <UniqueIdentifier>{3022b783-0335-4dec-b867-9d88a511a311}</UniqueIdentifier>
    </Filter>
    <Filter Include="ソース ファイル\GameSetting">
      <UniqueIdentifier>{ad461bad-24e0-4771-87f7-c641d381e828}</UniqueIdentifier>
    </Filter>
    <Filter Include="ソース ファイル\UI">
      <UniqueIdentifier>{e2cf8fa9-d298-4de8-b99b-8a1ce4b3ca9f}</UniqueIdentifier>
    </Filter>
    <Filter Include="ソース ファイル\Charcter">
      <UniqueIdentifier>{a8767368-acc4-4e87-9b5f-e8959af98cd4}</UniqueIdentifier>
    </Filter>
    <Filter Include="ソース ファイル\UI\HP">
      <UniqueIdentifier>{beba6ea4-1975-408a-b3f7-68e6f0750a26}</UniqueIdentifier>
    </Filter>
    <Filter Include="ソース ファイル\Charcter\HP">
      <UniqueIdentifier>{8e7f2439-7645-446a-af88-852c860a37e5}</UniqueIdentifier>
    </Filter>
    <Filter Include="ソース ファイル\Scene\Setting">
      <UniqueIdentifier>{fc789971-2fb5-4d40-b0d1-e7aef7522fa3}</UniqueIdentifier>
    </Filter>
    <Filter Include="ソース ファイル\Scene\Play">
      <UniqueIdentifier>{c6406d14-50ff-41c0-9e6e-8f00e47ef511}</UniqueIdentifier>
    </Filter>
    <Filter Include="ソース ファイル\Charcter\Player">
      <UniqueIdentifier>{f99e342c-8eba-4501-9f41-d90146b55b9a}</UniqueIdentifier>
    </Filter>
    <Filter Include="ソース ファイル\Charcter\Enemy">
      <UniqueIdentifier>{7d9f6376-c79b-4281-ac98-fcfa5b965123}</UniqueIdentifier>
    </Filter>
    <Filter Include="ソース ファイル\Map\Gimmick">
      <UniqueIdentifier>{85c3f24b-b758-4b5c-a7fd-5ea141cb00ae}</UniqueIdentifier>
    </Filter>
    <Filter Include="ソース ファイル\GameSetting\FPS">
      <UniqueIdentifier>{49171713-ba93-490d-b24f-401b283a88d8}</UniqueIdentifier>
    </Filter>
    <Filter Include="ソース ファイル\Camera">
      <UniqueIdentifier>{adc271a9-54d9-4f8b-b03a-c21b700a0582}</UniqueIdentifier>
    </Filter>
    <Filter Include="ソース ファイル\BackGround">
      <UniqueIdentifier>{a8fcb39d-cdfb-4d2a-b3f0-c664475c5a9e}</UniqueIdentifier>
    </Filter>
    <Filter Include="ソース ファイル\Scene\Titel">
      <UniqueIdentifier>{74d246b4-fea8-418c-a27c-55c508336ee7}</UniqueIdentifier>
    </Filter>
    <Filter Include="ソース ファイル\Scene\Clear">
      <UniqueIdentifier>{2ba4b610-b5d3-4494-85ab-fdea5b208ff9}</UniqueIdentifier>
    </Filter>
  </ItemGroup>
  <ItemGroup>
    <ClCompile Include="Main.cpp">
      <Filter>ソース ファイル</Filter>
    </ClCompile>
  </ItemGroup>
</Project>